lockfileVersion: "9.0"

settings:
  autoInstallPeers: true
  excludeLinksFromLockfile: false

importers:
  .:
    dependencies:
      "@msgpack/msgpack":
        specifier: ^3.1.2
        version: 3.1.2
      adm-zip:
        specifier: ^0.5.16
        version: 0.5.16
      color:
        specifier: 5.0.2
        version: 5.0.2
      lzma:
        specifier: ^2.3.2
        version: 2.3.2
      minimist:
        specifier: 1.2.8
        version: 1.2.8
      mustache:
        specifier: 4.2.0
        version: 4.2.0
    devDependencies:
      "@types/lzma":
        specifier: ^2.3.0
        version: 2.3.0
      "@types/minimist":
        specifier: 1.2.5
        version: 1.2.5
      "@types/mustache":
        specifier: 4.2.6
        version: 4.2.6
      "@types/node":
        specifier: 24.10.0
        version: 24.10.0
      dprint:
        specifier: ^0.50.2
        version: 0.50.2
      oxlint:
        specifier: ^1.28.0
        version: 1.28.0

packages:
  "@dprint/darwin-arm64@0.50.2":
    resolution: {
      integrity: sha512-4d08INZlTxbPW9LK9W8+93viN543/qA2Kxn4azVnPW/xCb2Im03UqJBz8mMm3nJZdtNnK3uTVG3ib1VW+XJisw==,
    }
    cpu: [arm64]
    os: [darwin]

  "@dprint/darwin-x64@0.50.2":
    resolution: {
      integrity: sha512-ZXWPBwdLojhdBATq+bKwJvB7D8bIzrD6eR/Xuq9UYE7evQazUiR069d9NPF0iVuzTo6wNf9ub9SXI7qDl11EGA==,
    }
    cpu: [x64]
    os: [darwin]

  "@dprint/linux-arm64-glibc@0.50.2":
    resolution: {
      integrity: sha512-marxQzRw8atXAnaawwZHeeUaaAVewrGTlFKKcDASGyjPBhc23J5fHPUPremm8xCbgYZyTlokzrV8/1rDRWhJcw==,
    }
    cpu: [arm64]
    os: [linux]

  "@dprint/linux-arm64-musl@0.50.2":
    resolution: {
      integrity: sha512-oGDq44ydzo0ZkJk6RHcUzUN5sOMT5HC6WA8kHXI6tkAsLUkaLO2DzZFfW4aAYZUn+hYNpQfQD8iGew0sjkyLyg==,
    }
    cpu: [arm64]
    os: [linux]

  "@dprint/linux-riscv64-glibc@0.50.2":
    resolution: {
      integrity: sha512-QMmZoZYWsXezDcC03fBOwPfxhTpPEyHqutcgJ0oauN9QcSXGji9NSZITMmtLz2Ki3T1MIvdaLd1goGzNSvNqTQ==,
    }
    cpu: [riscv64]
    os: [linux]

  "@dprint/linux-x64-glibc@0.50.2":
    resolution: {
      integrity: sha512-KMeHEzb4teQJChTgq8HuQzc+reRNDnarOTGTQovAZ9WNjOtKLViftsKWW5HsnRHtP5nUIPE9rF1QLjJ/gUsqvw==,
    }
    cpu: [x64]
    os: [linux]

  "@dprint/linux-x64-musl@0.50.2":
    resolution: {
      integrity: sha512-qM37T7H69g5coBTfE7SsA+KZZaRBky6gaUhPgAYxW+fOsoVtZSVkXtfTtQauHTpqqOEtbxfCtum70Hz1fr1teg==,
    }
    cpu: [x64]
    os: [linux]

  "@dprint/win32-arm64@0.50.2":
    resolution: {
      integrity: sha512-kuGVHGoxLwssVDsodefUIYQRoO2fQncurH/xKgXiZwMPOSzFcgUzYJQiyqmJEp+PENhO9VT1hXUHZtlyCAWBUQ==,
    }
    cpu: [arm64]
    os: [win32]

  "@dprint/win32-x64@0.50.2":
    resolution: {
      integrity: sha512-N3l9k31c3IMfVXqL0L6ygIhJFvCIrfQ+Z5Jph6RnCcBO6oDYWeYhAv/qBk1vLsF2y/e79TKsR1tvaEwnrQ03XA==,
    }
    cpu: [x64]
    os: [win32]

  "@msgpack/msgpack@3.1.2":
    resolution: {
      integrity: sha512-JEW4DEtBzfe8HvUYecLU9e6+XJnKDlUAIve8FvPzF3Kzs6Xo/KuZkZJsDH0wJXl/qEZbeeE7edxDNY3kMs39hQ==,
    }
    engines: { node: ">= 18" }

  "@oxlint/darwin-arm64@1.28.0":
    resolution: {
      integrity: sha512-H7J41/iKbgm7tTpdSnA/AtjEAhxyzNzCMKWtKU5wDuP2v39jrc3fasQEJruk6hj1YXPbJY4N+1nK/jE27GMGDQ==,
    }
    cpu: [arm64]
    os: [darwin]

  "@oxlint/darwin-x64@1.28.0":
    resolution: {
      integrity: sha512-bGsSDEwpyYzNc6FIwhTmbhSK7piREUjMlmWBt7eoR3ract0+RfhZYYG4se1Ngs+4WOFC0B3gbv23fyF+cnbGGQ==,
    }
    cpu: [x64]
    os: [darwin]

  "@oxlint/linux-arm64-gnu@1.28.0":
    resolution: {
      integrity: sha512-eNH/evMpV3xAA4jIS8dMLcGkM/LK0WEHM0RO9bxrHPAwfS72jhyPJtd0R7nZhvhG6U1bhn5jhoXbk1dn27XIAQ==,
    }
    cpu: [arm64]
    os: [linux]

  "@oxlint/linux-arm64-musl@1.28.0":
    resolution: {
      integrity: sha512-ickvpcekNeRLND3llndiZOtJBb6LDZqNnZICIDkovURkOIWPGJGmAxsHUOI6yW6iny9gLmIEIGl/c1b5nFk6Ag==,
    }
    cpu: [arm64]
    os: [linux]

  "@oxlint/linux-x64-gnu@1.28.0":
    resolution: {
      integrity: sha512-DkgAh4LQ8NR3DwTT7/LGMhaMau0RtZkih91Ez5Usk7H7SOxo1GDi84beE7it2Q+22cAzgY4hbw3c6svonQTjxg==,
    }
    cpu: [x64]
    os: [linux]

  "@oxlint/linux-x64-musl@1.28.0":
    resolution: {
      integrity: sha512-VBnMi3AJ2w5p/kgeyrjcGOKNY8RzZWWvlGHjCJwzqPgob4MXu6T+5Yrdi7EVJyIlouL8E3LYPYjmzB9NBi9gZw==,
    }
    cpu: [x64]
    os: [linux]

  "@oxlint/win32-arm64@1.28.0":
    resolution: {
      integrity: sha512-tomhIks+4dKs8axB+s4GXHy+ZWXhUgptf1XnG5cZg8CzRfX4JFX9k8l2fPUgFwytWnyyvZaaXLRPWGzoZ6yoHQ==,
    }
    cpu: [arm64]
    os: [win32]

  "@oxlint/win32-x64@1.28.0":
    resolution: {
      integrity: sha512-4+VO5P/UJ2nq9sj6kQToJxFy5cKs7dGIN2DiUSQ7cqyUi7EKYNQKe+98HFcDOjtm33jQOQnc4kw8Igya5KPozg==,
    }
    cpu: [x64]
    os: [win32]

  "@types/lzma@2.3.0":
    resolution: {
      integrity: sha512-z7TknP6ts5GPnN7P2bkZC1B/tMpoMJXG3UnPY1XDrwBq1OJQ2EpHtEypFwq5Q0A5iS37+oc+MT/o/B7x5lgl8Q==,
    }

  "@types/minimist@1.2.5":
    resolution: {
      integrity: sha512-hov8bUuiLiyFPGyFPE1lwWhmzYbirOXQNNo40+y3zow8aFVTeyn3VWL0VFFfdNddA8S4Vf0Tc062rzyNr7Paag==,
    }

  "@types/mustache@4.2.6":
    resolution: {
      integrity: sha512-t+8/QWTAhOFlrF1IVZqKnMRJi84EgkIK5Kh0p2JV4OLywUvCwJPFxbJAl7XAow7DVIHsF+xW9f1MVzg0L6Szjw==,
    }

  "@types/node@24.10.0":
    resolution: {
      integrity: sha512-qzQZRBqkFsYyaSWXuEHc2WR9c0a0CXwiE5FWUvn7ZM+vdy1uZLfCunD38UzhuB7YN/J11ndbDBcTmOdxJo9Q7A==,
    }

  adm-zip@0.5.16:
    resolution: {
      integrity: sha512-TGw5yVi4saajsSEgz25grObGHEUaDrniwvA2qwSC060KfqGPdglhvPMA2lPIoxs3PQIItj2iag35fONcQqgUaQ==,
    }
    engines: { node: ">=12.0" }

  color-convert@3.1.2:
    resolution: {
      integrity: sha512-UNqkvCDXstVck3kdowtOTWROIJQwafjOfXSmddoDrXo4cewMKmusCeF22Q24zvjR8nwWib/3S/dfyzPItPEiJg==,
    }
    engines: { node: ">=14.6" }

  color-name@2.0.2:
    resolution: {
      integrity: sha512-9vEt7gE16EW7Eu7pvZnR0abW9z6ufzhXxGXZEVU9IqPdlsUiMwJeJfRtq0zePUmnbHGT9zajca7mX8zgoayo4A==,
    }
    engines: { node: ">=12.20" }

  color-string@2.1.2:
    resolution: {
      integrity: sha512-RxmjYxbWemV9gKu4zPgiZagUxbH3RQpEIO77XoSSX0ivgABDZ+h8Zuash/EMFLTI4N9QgFPOJ6JQpPZKFxa+dA==,
    }
    engines: { node: ">=18" }

  color@5.0.2:
    resolution: {
      integrity: sha512-e2hz5BzbUPcYlIRHo8ieAhYgoajrJr+hWoceg6E345TPsATMUKqDgzt8fSXZJJbxfpiPzkWyphz8yn8At7q3fA==,
    }
    engines: { node: ">=18" }

  dprint@0.50.2:
    resolution: {
      integrity: sha512-+0Fzg+17jsMMUouK00/Fara5YtGOuE76EAJINHB8VpkXHd0n00rMXtw/03qorOgz23eo8Y0UpYvNZBJJo3aNtw==,
    }
    hasBin: true

  lzma@2.3.2:
    resolution: {
      integrity: sha512-DcfiawQ1avYbW+hsILhF38IKAlnguc/fjHrychs9hdxe4qLykvhT5VTGNs5YRWgaNePh7NTxGD4uv4gKsRomCQ==,
    }
    hasBin: true

  minimist@1.2.8:
    resolution: {
      integrity: sha512-2yyAR8qBkN3YuheJanUpWC5U3bb5osDywNB8RzDVlDwDHbocAJveqqj1u8+SVD7jkWT4yvsHCpWqqWqAxb0zCA==,
    }

  mustache@4.2.0:
    resolution: {
      integrity: sha512-71ippSywq5Yb7/tVYyGbkBggbU8H3u5Rz56fH60jGFgr8uHwxs+aSKeqmluIVzM0m0kB7xQjKS6qPfd0b2ZoqQ==,
    }
    hasBin: true

  oxlint@1.28.0:
    resolution: {
      integrity: sha512-gE97d0BcIlTTSJrim395B49mIbQ9VO8ZVoHdWai7Svl+lEeUAyCLTN4d7piw1kcB8VfgTp1JFVlAvMPD9GewMA==,
    }
    engines: { node: ^20.19.0 || >=22.12.0 }
    hasBin: true
    peerDependencies:
      oxlint-tsgolint: ">=0.4.0"
    peerDependenciesMeta:
      oxlint-tsgolint:
        optional: true

  undici-types@7.16.0:
    resolution: {
      integrity: sha512-Zz+aZWSj8LE6zoxD+xrjh4VfkIG8Ya6LvYkZqtUQGJPZjYl53ypCaUwWqo7eI0x66KBGeRo+mlBEkMSeSZ38Nw==,
    }

snapshots:
  "@dprint/darwin-arm64@0.50.2":
    optional: true

  "@dprint/darwin-x64@0.50.2":
    optional: true

  "@dprint/linux-arm64-glibc@0.50.2":
    optional: true

  "@dprint/linux-arm64-musl@0.50.2":
    optional: true

  "@dprint/linux-riscv64-glibc@0.50.2":
    optional: true

  "@dprint/linux-x64-glibc@0.50.2":
    optional: true

  "@dprint/linux-x64-musl@0.50.2":
    optional: true

  "@dprint/win32-arm64@0.50.2":
    optional: true

  "@dprint/win32-x64@0.50.2":
    optional: true

  "@msgpack/msgpack@3.1.2": {}

  "@oxlint/darwin-arm64@1.28.0":
    optional: true

  "@oxlint/darwin-x64@1.28.0":
    optional: true

  "@oxlint/linux-arm64-gnu@1.28.0":
    optional: true

  "@oxlint/linux-arm64-musl@1.28.0":
    optional: true

  "@oxlint/linux-x64-gnu@1.28.0":
    optional: true

  "@oxlint/linux-x64-musl@1.28.0":
    optional: true

  "@oxlint/win32-arm64@1.28.0":
    optional: true

  "@oxlint/win32-x64@1.28.0":
    optional: true

  "@types/lzma@2.3.0":
    dependencies:
      "@types/node": 24.10.0

  "@types/minimist@1.2.5": {}

  "@types/mustache@4.2.6": {}

  "@types/node@24.10.0":
    dependencies:
      undici-types: 7.16.0

  adm-zip@0.5.16: {}

  color-convert@3.1.2:
    dependencies:
      color-name: 2.0.2

  color-name@2.0.2: {}

  color-string@2.1.2:
    dependencies:
      color-name: 2.0.2

  color@5.0.2:
    dependencies:
      color-convert: 3.1.2
      color-string: 2.1.2

  dprint@0.50.2:
    optionalDependencies:
      "@dprint/darwin-arm64": 0.50.2
      "@dprint/darwin-x64": 0.50.2
      "@dprint/linux-arm64-glibc": 0.50.2
      "@dprint/linux-arm64-musl": 0.50.2
      "@dprint/linux-riscv64-glibc": 0.50.2
      "@dprint/linux-x64-glibc": 0.50.2
      "@dprint/linux-x64-musl": 0.50.2
      "@dprint/win32-arm64": 0.50.2
      "@dprint/win32-x64": 0.50.2

  lzma@2.3.2: {}

  minimist@1.2.8: {}

  mustache@4.2.0: {}

  oxlint@1.28.0:
    optionalDependencies:
      "@oxlint/darwin-arm64": 1.28.0
      "@oxlint/darwin-x64": 1.28.0
      "@oxlint/linux-arm64-gnu": 1.28.0
      "@oxlint/linux-arm64-musl": 1.28.0
      "@oxlint/linux-x64-gnu": 1.28.0
      "@oxlint/linux-x64-musl": 1.28.0
      "@oxlint/win32-arm64": 1.28.0
      "@oxlint/win32-x64": 1.28.0

  undici-types@7.16.0: {}
